
Microsoft Visual Studio Solution File, Format Version 12.00
# Visual Studio Version 17
VisualStudioVersion = 17.14.36301.6
MinimumVisualStudioVersion = 10.0.40219.1
Project("{FAE04EC0-301F-11D3-BF4B-00C04F79EFBC}") = "YumBlazor", "YumBlazor\YumBlazor.csproj", "{521B1A03-A8A8-4698-84DC-D53F9E256927}"
EndProject
Global
	GlobalSection(SolutionConfigurationPlatforms) = preSolution
		Debug|Any CPU = Debug|Any CPU
		Release|Any CPU = Release|Any CPU
	EndGlobalSection
	GlobalSection(ProjectConfigurationPlatforms) = postSolution
		{521B1A03-A8A8-4698-84DC-D53F9E256927}.Debug|Any CPU.ActiveCfg = Debug|Any CPU
		{521B1A03-A8A8-4698-84DC-D53F9E256927}.Debug|Any CPU.Build.0 = Debug|Any CPU
		{521B1A03-A8A8-4698-84DC-D53F9E256927}.Release|Any CPU.ActiveCfg = Release|Any CPU
		{521B1A03-A8A8-4698-84DC-D53F9E256927}.Release|Any CPU.Build.0 = Release|Any CPU
	EndGlobalSection
	GlobalSection(SolutionProperties) = preSolution
		HideSolutionNode = FALSE
	EndGlobalSection
	GlobalSection(ExtensibilityGlobals) = postSolution
		SolutionGuid = {2B6ABDAB-A420-4EF3-B505-19C36425D364}
	EndGlobalSection
EndGlobal
